
Microsoft Visual Studio Solution File, Format Version 12.00
# Visual Studio Version 16
VisualStudioVersion = 16.0.29519.87
MinimumVisualStudioVersion = 10.0.40219.1
Project("{9A19103F-16F7-4668-BE54-9A1E7A4F7556}") = "Drive.Cardgame.Core", "Drive.Cardgame.Core\Drive.Cardgame.Core.csproj", "{FF253E3F-315F-49E8-A9AB-C792AFD50A1D}"
EndProject
Project("{FAE04EC0-301F-11D3-BF4B-00C04F79EFBC}") = "Drive.Cardgame.ConsoleApp", "Drive.Cardgame.Console\Drive.Cardgame.ConsoleApp.csproj", "{9ED8D05C-0185-4353-9D56-4DA327EC0E90}"
EndProject
Global
	GlobalSection(SolutionConfigurationPlatforms) = preSolution
		Debug|Any CPU = Debug|Any CPU
		Release|Any CPU = Release|Any CPU
	EndGlobalSection
	GlobalSection(ProjectConfigurationPlatforms) = postSolution
		{FF253E3F-315F-49E8-A9AB-C792AFD50A1D}.Debug|Any CPU.ActiveCfg = Debug|Any CPU
		{FF253E3F-315F-49E8-A9AB-C792AFD50A1D}.Debug|Any CPU.Build.0 = Debug|Any CPU
		{FF253E3F-315F-49E8-A9AB-C792AFD50A1D}.Release|Any CPU.ActiveCfg = Release|Any CPU
		{FF253E3F-315F-49E8-A9AB-C792AFD50A1D}.Release|Any CPU.Build.0 = Release|Any CPU
		{9ED8D05C-0185-4353-9D56-4DA327EC0E90}.Debug|Any CPU.ActiveCfg = Debug|Any CPU
		{9ED8D05C-0185-4353-9D56-4DA327EC0E90}.Debug|Any CPU.Build.0 = Debug|Any CPU
		{9ED8D05C-0185-4353-9D56-4DA327EC0E90}.Release|Any CPU.ActiveCfg = Release|Any CPU
		{9ED8D05C-0185-4353-9D56-4DA327EC0E90}.Release|Any CPU.Build.0 = Release|Any CPU
	EndGlobalSection
	GlobalSection(SolutionProperties) = preSolution
		HideSolutionNode = FALSE
	EndGlobalSection
	GlobalSection(ExtensibilityGlobals) = postSolution
		SolutionGuid = {22BE03BB-1A38-4013-9F81-833E213CA602}
	EndGlobalSection
EndGlobal
